
Microsoft Visual Studio Solution File, Format Version 12.00
# Visual Studio Version 17
VisualStudioVersion = 17.0.31903.59
MinimumVisualStudioVersion = 10.0.40219.1
Project("{2150E333-8FDC-42A3-9474-1A3956D46DE8}") = "src", "src", "{B4357803-7904-4535-92D1-C05D0C2CD6A0}"
EndProject
Project("{FAE04EC0-301F-11D3-BF4B-00C04F79EFBC}") = "Sentory.Diagnostics", "src\Sentory.Diagnostics\Sentory.Diagnostics.csproj", "{423B4D2B-ECD8-4381-9EA9-0705449CAFF9}"
EndProject
Project("{2150E333-8FDC-42A3-9474-1A3956D46DE8}") = "tests", "tests", "{F0306D1F-AB28-40E4-915E-88F7F0260276}"
EndProject
Project("{FAE04EC0-301F-11D3-BF4B-00C04F79EFBC}") = "Sentory.Diagnostics.Tests", "tests\Sentory.Diagnostics.Tests\Sentory.Diagnostics.Tests.csproj", "{2CAB8CD4-B176-4AFB-ABC9-9D5AB1CA47D3}"
EndProject
Project("{FAE04EC0-301F-11D3-BF4B-00C04F79EFBC}") = "Sentory.Core", "src\Sentory.Core\Sentory.Core.csproj", "{72B762F9-ED26-416C-8596-B7AAF1E7CD83}"
EndProject
Project("{FAE04EC0-301F-11D3-BF4B-00C04F79EFBC}") = "Sentory.Infrastructure", "src\Sentory.Infrastructure\Sentory.Infrastructure.csproj", "{85BE4F1B-7489-48F9-BE38-924FE8E4CE3E}"
EndProject
Project("{FAE04EC0-301F-11D3-BF4B-00C04F79EFBC}") = "Sentory.App", "src\Sentory.App\Sentory.App.csproj", "{A5E0BE95-1AF2-490F-8A42-A42B3B4703F3}"
EndProject
Project("{FAE04EC0-301F-11D3-BF4B-00C04F79EFBC}") = "Sentory.Core.Tests", "tests\Sentory.Core.Tests\Sentory.Core.Tests.csproj", "{03341292-1DAF-429D-9DCC-E1B991C9432E}"
EndProject
Project("{FAE04EC0-301F-11D3-BF4B-00C04F79EFBC}") = "Sentory.Infrastructure.Tests", "tests\Sentory.Infrastructure.Tests\Sentory.Infrastructure.Tests.csproj", "{2A3A56A6-7514-486D-A486-5A14F94F4625}"
EndProject
Project("{FAE04EC0-301F-11D3-BF4B-00C04F79EFBC}") = "Sentory.Platform.Windows", "src\Sentory.Platform.Windows\Sentory.Platform.Windows.csproj", "{799E0DE2-1AC9-444C-97B4-C475C8DFD666}"
EndProject
Project("{FAE04EC0-301F-11D3-BF4B-00C04F79EFBC}") = "Sentory.Platform.Windows.Tests", "tests\Sentory.Platform.Windows.Tests\Sentory.Platform.Windows.Tests.csproj", "{8520BB27-DB54-4CB7-B966-0C4DB1AAA1DD}"
EndProject
Project("{FAE04EC0-301F-11D3-BF4B-00C04F79EFBC}") = "Sentory.App.Tests", "tests\Sentory.App.Tests\Sentory.App.Tests.csproj", "{26423B68-6743-42B3-BE53-FBB68B3A3B28}"
EndProject
Project("{FAE04EC0-301F-11D3-BF4B-00C04F79EFBC}") = "Sentory.Engine.Bridge", "src\Sentory.Engine.Bridge\Sentory.Engine.Bridge.csproj", "{5ED90097-4A94-40C8-AB2E-5AF88793329B}"
EndProject
Project("{FAE04EC0-301F-11D3-BF4B-00C04F79EFBC}") = "Sentory.Engine.Bridge.Tests", "tests\Sentory.Engine.Bridge.Tests\Sentory.Engine.Bridge.Tests.csproj", "{1870B833-11CC-4FD5-BC46-AF7D6F6F4E18}"
EndProject
Global
	GlobalSection(SolutionConfigurationPlatforms) = preSolution
		Debug|Any CPU = Debug|Any CPU
		Debug|x64 = Debug|x64
		Debug|x86 = Debug|x86
		Release|Any CPU = Release|Any CPU
		Release|x64 = Release|x64
		Release|x86 = Release|x86
	EndGlobalSection
	GlobalSection(ProjectConfigurationPlatforms) = postSolution
		{423B4D2B-ECD8-4381-9EA9-0705449CAFF9}.Debug|Any CPU.ActiveCfg = Debug|Any CPU
		{423B4D2B-ECD8-4381-9EA9-0705449CAFF9}.Debug|Any CPU.Build.0 = Debug|Any CPU
		{423B4D2B-ECD8-4381-9EA9-0705449CAFF9}.Debug|x64.ActiveCfg = Debug|Any CPU
		{423B4D2B-ECD8-4381-9EA9-0705449CAFF9}.Debug|x64.Build.0 = Debug|Any CPU
		{423B4D2B-ECD8-4381-9EA9-0705449CAFF9}.Debug|x86.ActiveCfg = Debug|Any CPU
		{423B4D2B-ECD8-4381-9EA9-0705449CAFF9}.Debug|x86.Build.0 = Debug|Any CPU
		{423B4D2B-ECD8-4381-9EA9-0705449CAFF9}.Release|Any CPU.ActiveCfg = Release|Any CPU
		{423B4D2B-ECD8-4381-9EA9-0705449CAFF9}.Release|Any CPU.Build.0 = Release|Any CPU
		{423B4D2B-ECD8-4381-9EA9-0705449CAFF9}.Release|x64.ActiveCfg = Release|Any CPU
		{423B4D2B-ECD8-4381-9EA9-0705449CAFF9}.Release|x64.Build.0 = Release|Any CPU
		{423B4D2B-ECD8-4381-9EA9-0705449CAFF9}.Release|x86.ActiveCfg = Release|Any CPU
		{423B4D2B-ECD8-4381-9EA9-0705449CAFF9}.Release|x86.Build.0 = Release|Any CPU
		{2CAB8CD4-B176-4AFB-ABC9-9D5AB1CA47D3}.Debug|Any CPU.ActiveCfg = Debug|Any CPU
		{2CAB8CD4-B176-4AFB-ABC9-9D5AB1CA47D3}.Debug|Any CPU.Build.0 = Debug|Any CPU
		{2CAB8CD4-B176-4AFB-ABC9-9D5AB1CA47D3}.Debug|x64.ActiveCfg = Debug|Any CPU
		{2CAB8CD4-B176-4AFB-ABC9-9D5AB1CA47D3}.Debug|x64.Build.0 = Debug|Any CPU
		{2CAB8CD4-B176-4AFB-ABC9-9D5AB1CA47D3}.Debug|x86.ActiveCfg = Debug|Any CPU
		{2CAB8CD4-B176-4AFB-ABC9-9D5AB1CA47D3}.Debug|x86.Build.0 = Debug|Any CPU
		{2CAB8CD4-B176-4AFB-ABC9-9D5AB1CA47D3}.Release|Any CPU.ActiveCfg = Release|Any CPU
		{2CAB8CD4-B176-4AFB-ABC9-9D5AB1CA47D3}.Release|Any CPU.Build.0 = Release|Any CPU
		{2CAB8CD4-B176-4AFB-ABC9-9D5AB1CA47D3}.Release|x64.ActiveCfg = Release|Any CPU
		{2CAB8CD4-B176-4AFB-ABC9-9D5AB1CA47D3}.Release|x64.Build.0 = Release|Any CPU
		{2CAB8CD4-B176-4AFB-ABC9-9D5AB1CA47D3}.Release|x86.ActiveCfg = Release|Any CPU
		{2CAB8CD4-B176-4AFB-ABC9-9D5AB1CA47D3}.Release|x86.Build.0 = Release|Any CPU
		{72B762F9-ED26-416C-8596-B7AAF1E7CD83}.Debug|Any CPU.ActiveCfg = Debug|Any CPU
		{72B762F9-ED26-416C-8596-B7AAF1E7CD83}.Debug|Any CPU.Build.0 = Debug|Any CPU
		{72B762F9-ED26-416C-8596-B7AAF1E7CD83}.Debug|x64.ActiveCfg = Debug|Any CPU
		{72B762F9-ED26-416C-8596-B7AAF1E7CD83}.Debug|x64.Build.0 = Debug|Any CPU
		{72B762F9-ED26-416C-8596-B7AAF1E7CD83}.Debug|x86.ActiveCfg = Debug|Any CPU
		{72B762F9-ED26-416C-8596-B7AAF1E7CD83}.Debug|x86.Build.0 = Debug|Any CPU
		{72B762F9-ED26-416C-8596-B7AAF1E7CD83}.Release|Any CPU.ActiveCfg = Release|Any CPU
		{72B762F9-ED26-416C-8596-B7AAF1E7CD83}.Release|Any CPU.Build.0 = Release|Any CPU
		{72B762F9-ED26-416C-8596-B7AAF1E7CD83}.Release|x64.ActiveCfg = Release|Any CPU
		{72B762F9-ED26-416C-8596-B7AAF1E7CD83}.Release|x64.Build.0 = Release|Any CPU
		{72B762F9-ED26-416C-8596-B7AAF1E7CD83}.Release|x86.ActiveCfg = Release|Any CPU
		{72B762F9-ED26-416C-8596-B7AAF1E7CD83}.Release|x86.Build.0 = Release|Any CPU
		{85BE4F1B-7489-48F9-BE38-924FE8E4CE3E}.Debug|Any CPU.ActiveCfg = Debug|Any CPU
		{85BE4F1B-7489-48F9-BE38-924FE8E4CE3E}.Debug|Any CPU.Build.0 = Debug|Any CPU
		{85BE4F1B-7489-48F9-BE38-924FE8E4CE3E}.Debug|x64.ActiveCfg = Debug|Any CPU
		{85BE4F1B-7489-48F9-BE38-924FE8E4CE3E}.Debug|x64.Build.0 = Debug|Any CPU
		{85BE4F1B-7489-48F9-BE38-924FE8E4CE3E}.Debug|x86.ActiveCfg = Debug|Any CPU
		{85BE4F1B-7489-48F9-BE38-924FE8E4CE3E}.Debug|x86.Build.0 = Debug|Any CPU
		{85BE4F1B-7489-48F9-BE38-924FE8E4CE3E}.Release|Any CPU.ActiveCfg = Release|Any CPU
		{85BE4F1B-7489-48F9-BE38-924FE8E4CE3E}.Release|Any CPU.Build.0 = Release|Any CPU
		{85BE4F1B-7489-48F9-BE38-924FE8E4CE3E}.Release|x64.ActiveCfg = Release|Any CPU
		{85BE4F1B-7489-48F9-BE38-924FE8E4CE3E}.Release|x64.Build.0 = Release|Any CPU
		{85BE4F1B-7489-48F9-BE38-924FE8E4CE3E}.Release|x86.ActiveCfg = Release|Any CPU
		{85BE4F1B-7489-48F9-BE38-924FE8E4CE3E}.Release|x86.Build.0 = Release|Any CPU
		{A5E0BE95-1AF2-490F-8A42-A42B3B4703F3}.Debug|Any CPU.ActiveCfg = Debug|Any CPU
		{A5E0BE95-1AF2-490F-8A42-A42B3B4703F3}.Debug|Any CPU.Build.0 = Debug|Any CPU
		{A5E0BE95-1AF2-490F-8A42-A42B3B4703F3}.Debug|x64.ActiveCfg = Debug|Any CPU
		{A5E0BE95-1AF2-490F-8A42-A42B3B4703F3}.Debug|x64.Build.0 = Debug|Any CPU
		{A5E0BE95-1AF2-490F-8A42-A42B3B4703F3}.Debug|x86.ActiveCfg = Debug|Any CPU
		{A5E0BE95-1AF2-490F-8A42-A42B3B4703F3}.Debug|x86.Build.0 = Debug|Any CPU
		{A5E0BE95-1AF2-490F-8A42-A42B3B4703F3}.Release|Any CPU.ActiveCfg = Release|Any CPU
		{A5E0BE95-1AF2-490F-8A42-A42B3B4703F3}.Release|Any CPU.Build.0 = Release|Any CPU
		{A5E0BE95-1AF2-490F-8A42-A42B3B4703F3}.Release|x64.ActiveCfg = Release|Any CPU
		{A5E0BE95-1AF2-490F-8A42-A42B3B4703F3}.Release|x64.Build.0 = Release|Any CPU
		{A5E0BE95-1AF2-490F-8A42-A42B3B4703F3}.Release|x86.ActiveCfg = Release|Any CPU
		{A5E0BE95-1AF2-490F-8A42-A42B3B4703F3}.Release|x86.Build.0 = Release|Any CPU
		{03341292-1DAF-429D-9DCC-E1B991C9432E}.Debug|Any CPU.ActiveCfg = Debug|Any CPU
		{03341292-1DAF-429D-9DCC-E1B991C9432E}.Debug|Any CPU.Build.0 = Debug|Any CPU
		{03341292-1DAF-429D-9DCC-E1B991C9432E}.Debug|x64.ActiveCfg = Debug|Any CPU
		{03341292-1DAF-429D-9DCC-E1B991C9432E}.Debug|x64.Build.0 = Debug|Any CPU
		{03341292-1DAF-429D-9DCC-E1B991C9432E}.Debug|x86.ActiveCfg = Debug|Any CPU
		{03341292-1DAF-429D-9DCC-E1B991C9432E}.Debug|x86.Build.0 = Debug|Any CPU
		{03341292-1DAF-429D-9DCC-E1B991C9432E}.Release|Any CPU.ActiveCfg = Release|Any CPU
		{03341292-1DAF-429D-9DCC-E1B991C9432E}.Release|Any CPU.Build.0 = Release|Any CPU
		{03341292-1DAF-429D-9DCC-E1B991C9432E}.Release|x64.ActiveCfg = Release|Any CPU
		{03341292-1DAF-429D-9DCC-E1B991C9432E}.Release|x64.Build.0 = Release|Any CPU
		{03341292-1DAF-429D-9DCC-E1B991C9432E}.Release|x86.ActiveCfg = Release|Any CPU
		{03341292-1DAF-429D-9DCC-E1B991C9432E}.Release|x86.Build.0 = Release|Any CPU
		{2A3A56A6-7514-486D-A486-5A14F94F4625}.Debug|Any CPU.ActiveCfg = Debug|Any CPU
		{2A3A56A6-7514-486D-A486-5A14F94F4625}.Debug|Any CPU.Build.0 = Debug|Any CPU
		{2A3A56A6-7514-486D-A486-5A14F94F4625}.Debug|x64.ActiveCfg = Debug|Any CPU
		{2A3A56A6-7514-486D-A486-5A14F94F4625}.Debug|x64.Build.0 = Debug|Any CPU
		{2A3A56A6-7514-486D-A486-5A14F94F4625}.Debug|x86.ActiveCfg = Debug|Any CPU
		{2A3A56A6-7514-486D-A486-5A14F94F4625}.Debug|x86.Build.0 = Debug|Any CPU
		{2A3A56A6-7514-486D-A486-5A14F94F4625}.Release|Any CPU.ActiveCfg = Release|Any CPU
		{2A3A56A6-7514-486D-A486-5A14F94F4625}.Release|Any CPU.Build.0 = Release|Any CPU
		{2A3A56A6-7514-486D-A486-5A14F94F4625}.Release|x64.ActiveCfg = Release|Any CPU
		{2A3A56A6-7514-486D-A486-5A14F94F4625}.Release|x64.Build.0 = Release|Any CPU
		{2A3A56A6-7514-486D-A486-5A14F94F4625}.Release|x86.ActiveCfg = Release|Any CPU
		{2A3A56A6-7514-486D-A486-5A14F94F4625}.Release|x86.Build.0 = Release|Any CPU
		{799E0DE2-1AC9-444C-97B4-C475C8DFD666}.Debug|Any CPU.ActiveCfg = Debug|Any CPU
		{799E0DE2-1AC9-444C-97B4-C475C8DFD666}.Debug|Any CPU.Build.0 = Debug|Any CPU
		{799E0DE2-1AC9-444C-97B4-C475C8DFD666}.Debug|x64.ActiveCfg = Debug|Any CPU
		{799E0DE2-1AC9-444C-97B4-C475C8DFD666}.Debug|x64.Build.0 = Debug|Any CPU
		{799E0DE2-1AC9-444C-97B4-C475C8DFD666}.Debug|x86.ActiveCfg = Debug|Any CPU
		{799E0DE2-1AC9-444C-97B4-C475C8DFD666}.Debug|x86.Build.0 = Debug|Any CPU
		{799E0DE2-1AC9-444C-97B4-C475C8DFD666}.Release|Any CPU.ActiveCfg = Release|Any CPU
		{799E0DE2-1AC9-444C-97B4-C475C8DFD666}.Release|Any CPU.Build.0 = Release|Any CPU
		{799E0DE2-1AC9-444C-97B4-C475C8DFD666}.Release|x64.ActiveCfg = Release|Any CPU
		{799E0DE2-1AC9-444C-97B4-C475C8DFD666}.Release|x64.Build.0 = Release|Any CPU
		{799E0DE2-1AC9-444C-97B4-C475C8DFD666}.Release|x86.ActiveCfg = Release|Any CPU
		{799E0DE2-1AC9-444C-97B4-C475C8DFD666}.Release|x86.Build.0 = Release|Any CPU
		{8520BB27-DB54-4CB7-B966-0C4DB1AAA1DD}.Debug|Any CPU.ActiveCfg = Debug|Any CPU
		{8520BB27-DB54-4CB7-B966-0C4DB1AAA1DD}.Debug|Any CPU.Build.0 = Debug|Any CPU
		{8520BB27-DB54-4CB7-B966-0C4DB1AAA1DD}.Debug|x64.ActiveCfg = Debug|Any CPU
		{8520BB27-DB54-4CB7-B966-0C4DB1AAA1DD}.Debug|x64.Build.0 = Debug|Any CPU
		{8520BB27-DB54-4CB7-B966-0C4DB1AAA1DD}.Debug|x86.ActiveCfg = Debug|Any CPU
		{8520BB27-DB54-4CB7-B966-0C4DB1AAA1DD}.Debug|x86.Build.0 = Debug|Any CPU
		{8520BB27-DB54-4CB7-B966-0C4DB1AAA1DD}.Release|Any CPU.ActiveCfg = Release|Any CPU
		{8520BB27-DB54-4CB7-B966-0C4DB1AAA1DD}.Release|Any CPU.Build.0 = Release|Any CPU
		{8520BB27-DB54-4CB7-B966-0C4DB1AAA1DD}.Release|x64.ActiveCfg = Release|Any CPU
		{8520BB27-DB54-4CB7-B966-0C4DB1AAA1DD}.Release|x64.Build.0 = Release|Any CPU
		{8520BB27-DB54-4CB7-B966-0C4DB1AAA1DD}.Release|x86.ActiveCfg = Release|Any CPU
		{8520BB27-DB54-4CB7-B966-0C4DB1AAA1DD}.Release|x86.Build.0 = Release|Any CPU
		{26423B68-6743-42B3-BE53-FBB68B3A3B28}.Debug|Any CPU.ActiveCfg = Debug|Any CPU
		{26423B68-6743-42B3-BE53-FBB68B3A3B28}.Debug|Any CPU.Build.0 = Debug|Any CPU
		{26423B68-6743-42B3-BE53-FBB68B3A3B28}.Debug|x64.ActiveCfg = Debug|Any CPU
		{26423B68-6743-42B3-BE53-FBB68B3A3B28}.Debug|x64.Build.0 = Debug|Any CPU
		{26423B68-6743-42B3-BE53-FBB68B3A3B28}.Debug|x86.ActiveCfg = Debug|Any CPU
		{26423B68-6743-42B3-BE53-FBB68B3A3B28}.Debug|x86.Build.0 = Debug|Any CPU
		{26423B68-6743-42B3-BE53-FBB68B3A3B28}.Release|Any CPU.ActiveCfg = Release|Any CPU
		{26423B68-6743-42B3-BE53-FBB68B3A3B28}.Release|Any CPU.Build.0 = Release|Any CPU
		{26423B68-6743-42B3-BE53-FBB68B3A3B28}.Release|x64.ActiveCfg = Release|Any CPU
		{26423B68-6743-42B3-BE53-FBB68B3A3B28}.Release|x64.Build.0 = Release|Any CPU
		{26423B68-6743-42B3-BE53-FBB68B3A3B28}.Release|x86.ActiveCfg = Release|Any CPU
		{26423B68-6743-42B3-BE53-FBB68B3A3B28}.Release|x86.Build.0 = Release|Any CPU
		{5ED90097-4A94-40C8-AB2E-5AF88793329B}.Debug|Any CPU.ActiveCfg = Debug|Any CPU
		{5ED90097-4A94-40C8-AB2E-5AF88793329B}.Debug|Any CPU.Build.0 = Debug|Any CPU
		{5ED90097-4A94-40C8-AB2E-5AF88793329B}.Debug|x64.ActiveCfg = Debug|Any CPU
		{5ED90097-4A94-40C8-AB2E-5AF88793329B}.Debug|x64.Build.0 = Debug|Any CPU
		{5ED90097-4A94-40C8-AB2E-5AF88793329B}.Debug|x86.ActiveCfg = Debug|Any CPU
		{5ED90097-4A94-40C8-AB2E-5AF88793329B}.Debug|x86.Build.0 = Debug|Any CPU
		{5ED90097-4A94-40C8-AB2E-5AF88793329B}.Release|Any CPU.ActiveCfg = Release|Any CPU
		{5ED90097-4A94-40C8-AB2E-5AF88793329B}.Release|Any CPU.Build.0 = Release|Any CPU
		{5ED90097-4A94-40C8-AB2E-5AF88793329B}.Release|x64.ActiveCfg = Release|Any CPU
		{5ED90097-4A94-40C8-AB2E-5AF88793329B}.Release|x64.Build.0 = Release|Any CPU
		{5ED90097-4A94-40C8-AB2E-5AF88793329B}.Release|x86.ActiveCfg = Release|Any CPU
		{5ED90097-4A94-40C8-AB2E-5AF88793329B}.Release|x86.Build.0 = Release|Any CPU
		{1870B833-11CC-4FD5-BC46-AF7D6F6F4E18}.Debug|Any CPU.ActiveCfg = Debug|Any CPU
		{1870B833-11CC-4FD5-BC46-AF7D6F6F4E18}.Debug|Any CPU.Build.0 = Debug|Any CPU
		{1870B833-11CC-4FD5-BC46-AF7D6F6F4E18}.Debug|x64.ActiveCfg = Debug|Any CPU
		{1870B833-11CC-4FD5-BC46-AF7D6F6F4E18}.Debug|x64.Build.0 = Debug|Any CPU
		{1870B833-11CC-4FD5-BC46-AF7D6F6F4E18}.Debug|x86.ActiveCfg = Debug|Any CPU
		{1870B833-11CC-4FD5-BC46-AF7D6F6F4E18}.Debug|x86.Build.0 = Debug|Any CPU
		{1870B833-11CC-4FD5-BC46-AF7D6F6F4E18}.Release|Any CPU.ActiveCfg = Release|Any CPU
		{1870B833-11CC-4FD5-BC46-AF7D6F6F4E18}.Release|Any CPU.Build.0 = Release|Any CPU
		{1870B833-11CC-4FD5-BC46-AF7D6F6F4E18}.Release|x64.ActiveCfg = Release|Any CPU
		{1870B833-11CC-4FD5-BC46-AF7D6F6F4E18}.Release|x64.Build.0 = Release|Any CPU
		{1870B833-11CC-4FD5-BC46-AF7D6F6F4E18}.Release|x86.ActiveCfg = Release|Any CPU
		{1870B833-11CC-4FD5-BC46-AF7D6F6F4E18}.Release|x86.Build.0 = Release|Any CPU
	EndGlobalSection
	GlobalSection(SolutionProperties) = preSolution
		HideSolutionNode = FALSE
	EndGlobalSection
	GlobalSection(NestedProjects) = preSolution
		{423B4D2B-ECD8-4381-9EA9-0705449CAFF9} = {B4357803-7904-4535-92D1-C05D0C2CD6A0}
		{2CAB8CD4-B176-4AFB-ABC9-9D5AB1CA47D3} = {F0306D1F-AB28-40E4-915E-88F7F0260276}
		{72B762F9-ED26-416C-8596-B7AAF1E7CD83} = {B4357803-7904-4535-92D1-C05D0C2CD6A0}
		{85BE4F1B-7489-48F9-BE38-924FE8E4CE3E} = {B4357803-7904-4535-92D1-C05D0C2CD6A0}
		{A5E0BE95-1AF2-490F-8A42-A42B3B4703F3} = {B4357803-7904-4535-92D1-C05D0C2CD6A0}
		{03341292-1DAF-429D-9DCC-E1B991C9432E} = {F0306D1F-AB28-40E4-915E-88F7F0260276}
		{2A3A56A6-7514-486D-A486-5A14F94F4625} = {F0306D1F-AB28-40E4-915E-88F7F0260276}
		{799E0DE2-1AC9-444C-97B4-C475C8DFD666} = {B4357803-7904-4535-92D1-C05D0C2CD6A0}
		{8520BB27-DB54-4CB7-B966-0C4DB1AAA1DD} = {F0306D1F-AB28-40E4-915E-88F7F0260276}
		{26423B68-6743-42B3-BE53-FBB68B3A3B28} = {F0306D1F-AB28-40E4-915E-88F7F0260276}
		{5ED90097-4A94-40C8-AB2E-5AF88793329B} = {B4357803-7904-4535-92D1-C05D0C2CD6A0}
		{1870B833-11CC-4FD5-BC46-AF7D6F6F4E18} = {F0306D1F-AB28-40E4-915E-88F7F0260276}
	EndGlobalSection
EndGlobal
